
Microsoft Visual Studio Solution File, Format Version 12.00
# Visual Studio 15
VisualStudioVersion = 15.0.27130.2010
MinimumVisualStudioVersion = 10.0.40219.1
Project("{FAE04EC0-301F-11D3-BF4B-00C04F79EFBC}") = "WpfWindowCmdlets", "wpfWindowCmdlets\WpfWindowCmdlets.csproj", "{684D12FB-47D1-47AF-B191-A5C61CA926D5}"
EndProject
Project("{FAE04EC0-301F-11D3-BF4B-00C04F79EFBC}") = "OxyPlotCliHelpers", "OxyPlotCliHelpers\OxyPlotCliHelpers.csproj", "{07D7C723-5D13-45F4-AC40-9D52EE6C67A6}"
EndProject
Project("{FAE04EC0-301F-11D3-BF4B-00C04F79EFBC}") = "OxyPlotCliTests", "OxyPlotCliTests\OxyPlotCliTests.csproj", "{FABE1978-E35D-46D5-A3A0-0AE0C5B41ECF}"
EndProject
Global
	GlobalSection(SolutionConfigurationPlatforms) = preSolution
		Debug|Any CPU = Debug|Any CPU
		Release|Any CPU = Release|Any CPU
	EndGlobalSection
	GlobalSection(ProjectConfigurationPlatforms) = postSolution
		{684D12FB-47D1-47AF-B191-A5C61CA926D5}.Debug|Any CPU.ActiveCfg = Debug|Any CPU
		{684D12FB-47D1-47AF-B191-A5C61CA926D5}.Debug|Any CPU.Build.0 = Debug|Any CPU
		{684D12FB-47D1-47AF-B191-A5C61CA926D5}.Release|Any CPU.ActiveCfg = Release|Any CPU
		{684D12FB-47D1-47AF-B191-A5C61CA926D5}.Release|Any CPU.Build.0 = Release|Any CPU
		{07D7C723-5D13-45F4-AC40-9D52EE6C67A6}.Debug|Any CPU.ActiveCfg = Debug|Any CPU
		{07D7C723-5D13-45F4-AC40-9D52EE6C67A6}.Debug|Any CPU.Build.0 = Debug|Any CPU
		{07D7C723-5D13-45F4-AC40-9D52EE6C67A6}.Release|Any CPU.ActiveCfg = Release|Any CPU
		{07D7C723-5D13-45F4-AC40-9D52EE6C67A6}.Release|Any CPU.Build.0 = Release|Any CPU
		{FABE1978-E35D-46D5-A3A0-0AE0C5B41ECF}.Debug|Any CPU.ActiveCfg = Debug|Any CPU
		{FABE1978-E35D-46D5-A3A0-0AE0C5B41ECF}.Debug|Any CPU.Build.0 = Debug|Any CPU
		{FABE1978-E35D-46D5-A3A0-0AE0C5B41ECF}.Release|Any CPU.ActiveCfg = Release|Any CPU
		{FABE1978-E35D-46D5-A3A0-0AE0C5B41ECF}.Release|Any CPU.Build.0 = Release|Any CPU
	EndGlobalSection
	GlobalSection(SolutionProperties) = preSolution
		HideSolutionNode = FALSE
	EndGlobalSection
	GlobalSection(ExtensibilityGlobals) = postSolution
		SolutionGuid = {9A3776EC-A557-4DC9-A375-F4D883BD0905}
	EndGlobalSection
EndGlobal
